<?xml version="1.0" encoding="utf-8"?>
<Project ToolsVersion="4.0" xmlns="http://schemas.microsoft.com/developer/msbuild/2003">
  <ItemGroup>
    <Filter Include="Source Files">
      <UniqueIdentifier>{4FC737F1-C7A5-4376-A066-2A32D752A2FF}</UniqueIdentifier>
      <Extensions>cpp;c;cc;cxx;c++;cppm;ixx;def;odl;idl;hpj;bat;asm;asmx</Extensions>
    </Filter>
    <Filter Include="Header Files">
      <UniqueIdentifier>{93995380-89BD-4b04-88EB-625FBE52EBFB}</UniqueIdentifier>
      <Extensions>h;hh;hpp;hxx;h++;hm;inl;inc;ipp;xsd</Extensions>
    </Filter>
    <Filter Include="Resource Files">
      <UniqueIdentifier>{67DA6AB6-F800-4c08-8B7A-83BB121AAD01}</UniqueIdentifier>
      <Extensions>rc;ico;cur;bmp;dlg;rc2;rct;bin;rgs;gif;jpg;jpeg;jpe;resx;tiff;tif;png;wav;mfcribbon-ms</Extensions>
    </Filter>
    <Filter Include="1">
      <UniqueIdentifier>{f1784052-c28d-42b2-a0ed-8a94b1331509}</UniqueIdentifier>
    </Filter>
    <Filter Include="2">
      <UniqueIdentifier>{d9f1a705-f9d0-44ad-8700-9dbd8157df4c}</UniqueIdentifier>
    </Filter>
    <Filter Include="3">
      <UniqueIdentifier>{24ddd8d1-2227-4e81-ad77-4f6d41387be6}</UniqueIdentifier>
    </Filter>
    <Filter Include="4">
      <UniqueIdentifier>{02be67e9-d8eb-47dc-8784-ddb1c588a096}</UniqueIdentifier>
    </Filter>
    <Filter Include="5">
      <UniqueIdentifier>{594f6307-825a-4d5f-913b-8f00c859add5}</UniqueIdentifier>
    </Filter>
    <Filter Include="6">
      <UniqueIdentifier>{4fc8aebb-47bb-43f5-aa17-b9fa54b766fb}</UniqueIdentifier>
    </Filter>
    <Filter Include="7">
      <UniqueIdentifier>{4f0c817b-e5a4-470a-8eb8-5cf3ec07a7c3}</UniqueIdentifier>
    </Filter>
    <Filter Include="8">
      <UniqueIdentifier>{8c2a8170-e27c-4fbd-95ed-2ba5908a58eb}</UniqueIdentifier>
    </Filter>
    <Filter Include="9">
      <UniqueIdentifier>{16d30dbc-e9a3-4f5a-b829-d9e1d3e1f8ea}</UniqueIdentifier>
    </Filter>
    <Filter Include="10">
      <UniqueIdentifier>{a01e6ef2-529b-42c8-bfb7-1b3f79a16281}</UniqueIdentifier>
    </Filter>
    <Filter Include="11">
      <UniqueIdentifier>{d3470922-a307-4708-ae28-80d104d6f0ee}</UniqueIdentifier>
    </Filter>
    <Filter Include="12">
      <UniqueIdentifier>{a1ac2bc1-f1b3-4f7c-bb68-cac164b64306}</UniqueIdentifier>
    </Filter>
    <Filter Include="13">
      <UniqueIdentifier>{6d54b7b9-7393-4490-b6f1-87a25ee57c10}</UniqueIdentifier>
    </Filter>
    <Filter Include="14">
      <UniqueIdentifier>{3723a050-6a66-41b8-b7ad-6df0dc2c94a5}</UniqueIdentifier>
    </Filter>
    <Filter Include="15">
      <UniqueIdentifier>{7208e3ad-cd7c-45fe-b81e-173aa52dcfaf}</UniqueIdentifier>
    </Filter>
  </ItemGroup>
  <ItemGroup>
    <ClCompile Include="If_Statement_Basics.cpp">
      <Filter>1</Filter>
    </ClCompile>
    <ClCompile Include="If_Else_Statement.cpp">
      <Filter>2</Filter>
    </ClCompile>
    <ClCompile Include="Grade_Calculator.cpp">
      <Filter>3</Filter>
    </ClCompile>
    <ClCompile Include="Conditional_Operator.cpp">
      <Filter>4</Filter>
    </ClCompile>
    <ClCompile Include="Shipping_Calculator.cpp">
      <Filter>5</Filter>
    </ClCompile>
    <ClCompile Include="Switch_Statement.cpp">
      <Filter>6</Filter>
    </ClCompile>
    <ClCompile Include="Switch_With_Enums.cpp">
      <Filter>7</Filter>
    </ClCompile>
    <ClCompile Include="For_Loop_Basics.cpp">
      <Filter>8</Filter>
    </ClCompile>
    <ClCompile Include="Range_Based_For_Loop.cpp">
      <Filter>9</Filter>
    </ClCompile>
    <ClCompile Include="While_Loop_Basics.cpp">
      <Filter>10</Filter>
    </ClCompile>
    <ClCompile Include="Nested_Loops_Histogram.cpp">
      <Filter>11</Filter>
    </ClCompile>
    <ClCompile Include="Nested_Loops_Multiplication.cpp">
      <Filter>12</Filter>
    </ClCompile>
    <ClCompile Include="Do_While_Menu.cpp">
      <Filter>13</Filter>
    </ClCompile>
    <ClCompile Include="List_Operations_Challenge.cpp">
      <Filter>14</Filter>
    </ClCompile>
    <ClCompile Include="List_Operations_Solution.cpp">
      <Filter>15</Filter>
    </ClCompile>
  </ItemGroup>
</Project>