<?xml version="1.0" encoding="utf-8"?>
<Project ToolsVersion="4.0" xmlns="http://schemas.microsoft.com/developer/msbuild/2003">
  <ItemGroup>
    <Filter Include="Source Files">
      <UniqueIdentifier>{4FC737F1-C7A5-4376-A066-2A32D752A2FF}</UniqueIdentifier>
      <Extensions>cpp;c;cc;cxx;c++;cppm;ixx;def;odl;idl;hpj;bat;asm;asmx</Extensions>
    </Filter>
    <Filter Include="Header Files">
      <UniqueIdentifier>{93995380-89BD-4b04-88EB-625FBE52EBFB}</UniqueIdentifier>
      <Extensions>h;hh;hpp;hxx;h++;hm;inl;inc;ipp;xsd</Extensions>
    </Filter>
    <Filter Include="Resource Files">
      <UniqueIdentifier>{67DA6AB6-F800-4c08-8B7A-83BB121AAD01}</UniqueIdentifier>
      <Extensions>rc;ico;cur;bmp;dlg;rc2;rct;bin;rgs;gif;jpg;jpeg;jpe;resx;tiff;tif;png;wav;mfcribbon-ms</Extensions>
    </Filter>
    <Filter Include="1">
      <UniqueIdentifier>{674f33ed-4c71-4327-bdf9-cae9950eb12b}</UniqueIdentifier>
    </Filter>
    <Filter Include="2">
      <UniqueIdentifier>{c3dd713c-f92b-45e4-8f9c-d07a368a692f}</UniqueIdentifier>
    </Filter>
    <Filter Include="3">
      <UniqueIdentifier>{8575eabb-4334-4a44-8f1a-3425785d1548}</UniqueIdentifier>
    </Filter>
    <Filter Include="4">
      <UniqueIdentifier>{02c36ebb-7141-4ae9-8db8-a2f96530ab6d}</UniqueIdentifier>
    </Filter>
    <Filter Include="5">
      <UniqueIdentifier>{0638b7ca-0ed6-4c64-8972-e46ec6b4a718}</UniqueIdentifier>
    </Filter>
    <Filter Include="6">
      <UniqueIdentifier>{4bd321b6-7a94-44f0-ac18-e4cc7ddda5cd}</UniqueIdentifier>
    </Filter>
    <Filter Include="7">
      <UniqueIdentifier>{c1957af3-501b-4fc7-901c-c32dd7b93911}</UniqueIdentifier>
    </Filter>
    <Filter Include="8">
      <UniqueIdentifier>{6661368d-45df-4a4a-80ab-5af33e971a3d}</UniqueIdentifier>
    </Filter>
    <Filter Include="9">
      <UniqueIdentifier>{953f4019-1fd1-4c39-8897-48c4f6f0615a}</UniqueIdentifier>
    </Filter>
    <Filter Include="10">
      <UniqueIdentifier>{73621800-2e20-4460-ad9c-048c55f9288a}</UniqueIdentifier>
    </Filter>
    <Filter Include="11">
      <UniqueIdentifier>{6a274322-b289-4426-8250-b3e2aff5162d}</UniqueIdentifier>
    </Filter>
    <Filter Include="12">
      <UniqueIdentifier>{ce5e6fed-3a52-47b3-ad51-47212612b339}</UniqueIdentifier>
    </Filter>
    <Filter Include="13">
      <UniqueIdentifier>{5243b229-0261-49aa-ba7c-a3871cf6cc30}</UniqueIdentifier>
    </Filter>
  </ItemGroup>
  <ItemGroup>
    <ClCompile Include="Pointers_Basics.cpp">
      <Filter>1</Filter>
    </ClCompile>
    <ClCompile Include="Pointer_Dereferencing.cpp">
      <Filter>2</Filter>
    </ClCompile>
    <ClCompile Include="Array_Pointer_Relationship.cpp">
      <Filter>3</Filter>
    </ClCompile>
    <ClCompile Include="Pointer_Arithmetic.cpp">
      <Filter>4</Filter>
    </ClCompile>
    <ClCompile Include="Passing_Pointers_Basic.cpp">
      <Filter>5</Filter>
    </ClCompile>
    <ClCompile Include="Passing_Pointers_Swap.cpp">
      <Filter>6</Filter>
    </ClCompile>
    <ClCompile Include="Passing_Pointers_Const.cpp">
      <Filter>7</Filter>
    </ClCompile>
    <ClCompile Include="Dynamic_Memory.cpp">
      <Filter>8</Filter>
    </ClCompile>
    <ClCompile Include="Return_Pointers.cpp">
      <Filter>9</Filter>
    </ClCompile>
    <ClCompile Include="References_VS_Pointers.cpp">
      <Filter>10</Filter>
    </ClCompile>
    <ClCompile Include="Pointer_Debugging.cpp">
      <Filter>11</Filter>
    </ClCompile>
    <ClCompile Include="Pointer_Challenge.cpp">
      <Filter>12</Filter>
    </ClCompile>
    <ClCompile Include="Pointer_Challenge_Solution.cpp">
      <Filter>13</Filter>
    </ClCompile>
  </ItemGroup>
  <ItemGroup>
    <Text Include="Read.txt">
      <Filter>13</Filter>
    </Text>
  </ItemGroup>
</Project>