
Microsoft Visual Studio Solution File, Format Version 12.00
# Visual Studio Version 17
VisualStudioVersion = 17.14.36221.1
MinimumVisualStudioVersion = 10.0.40219.1
Project("{8BC9CEB8-8B4A-11D0-8D11-00A0C91BC942}") = "Basic_1", "Basic_1\Basic_1.vcxproj", "{8E02F692-079A-478E-A539-2BD189D041A8}"
EndProject
Project("{8BC9CEB8-8B4A-11D0-8D11-00A0C91BC942}") = "Basic_2", "Basic_2\Basic_2.vcxproj", "{D1E169A3-0904-48A7-BFD4-84820F937BE9}"
EndProject
Project("{8BC9CEB8-8B4A-11D0-8D11-00A0C91BC942}") = "Basic_3", "Basic_3\Basic_3.vcxproj", "{5117E6F8-75C1-42B5-AB50-F56D16974289}"
EndProject
Project("{8BC9CEB8-8B4A-11D0-8D11-00A0C91BC942}") = "Intermediate_1", "Intermediate_1\Intermediate_1.vcxproj", "{F82C94CE-A44A-4995-97EA-8D8DF6077C64}"
EndProject
Project("{8BC9CEB8-8B4A-11D0-8D11-00A0C91BC942}") = "Intermediate_2", "Intermediate_2\Intermediate_2.vcxproj", "{C1C84280-0B9F-4BF9-A5EA-0276DF1390A9}"
EndProject
Project("{8BC9CEB8-8B4A-11D0-8D11-00A0C91BC942}") = "Intermediate_3", "Intermediate_3\Intermediate_3.vcxproj", "{01B168B0-CCC3-4104-A8B8-4F16C258D5D7}"
EndProject
Global
	GlobalSection(SolutionConfigurationPlatforms) = preSolution
		Debug|x64 = Debug|x64
		Debug|x86 = Debug|x86
		Release|x64 = Release|x64
		Release|x86 = Release|x86
	EndGlobalSection
	GlobalSection(ProjectConfigurationPlatforms) = postSolution
		{8E02F692-079A-478E-A539-2BD189D041A8}.Debug|x64.ActiveCfg = Debug|x64
		{8E02F692-079A-478E-A539-2BD189D041A8}.Debug|x64.Build.0 = Debug|x64
		{8E02F692-079A-478E-A539-2BD189D041A8}.Debug|x86.ActiveCfg = Debug|Win32
		{8E02F692-079A-478E-A539-2BD189D041A8}.Debug|x86.Build.0 = Debug|Win32
		{8E02F692-079A-478E-A539-2BD189D041A8}.Release|x64.ActiveCfg = Release|x64
		{8E02F692-079A-478E-A539-2BD189D041A8}.Release|x64.Build.0 = Release|x64
		{8E02F692-079A-478E-A539-2BD189D041A8}.Release|x86.ActiveCfg = Release|Win32
		{8E02F692-079A-478E-A539-2BD189D041A8}.Release|x86.Build.0 = Release|Win32
		{D1E169A3-0904-48A7-BFD4-84820F937BE9}.Debug|x64.ActiveCfg = Debug|x64
		{D1E169A3-0904-48A7-BFD4-84820F937BE9}.Debug|x64.Build.0 = Debug|x64
		{D1E169A3-0904-48A7-BFD4-84820F937BE9}.Debug|x86.ActiveCfg = Debug|Win32
		{D1E169A3-0904-48A7-BFD4-84820F937BE9}.Debug|x86.Build.0 = Debug|Win32
		{D1E169A3-0904-48A7-BFD4-84820F937BE9}.Release|x64.ActiveCfg = Release|x64
		{D1E169A3-0904-48A7-BFD4-84820F937BE9}.Release|x64.Build.0 = Release|x64
		{D1E169A3-0904-48A7-BFD4-84820F937BE9}.Release|x86.ActiveCfg = Release|Win32
		{D1E169A3-0904-48A7-BFD4-84820F937BE9}.Release|x86.Build.0 = Release|Win32
		{5117E6F8-75C1-42B5-AB50-F56D16974289}.Debug|x64.ActiveCfg = Debug|x64
		{5117E6F8-75C1-42B5-AB50-F56D16974289}.Debug|x64.Build.0 = Debug|x64
		{5117E6F8-75C1-42B5-AB50-F56D16974289}.Debug|x86.ActiveCfg = Debug|Win32
		{5117E6F8-75C1-42B5-AB50-F56D16974289}.Debug|x86.Build.0 = Debug|Win32
		{5117E6F8-75C1-42B5-AB50-F56D16974289}.Release|x64.ActiveCfg = Release|x64
		{5117E6F8-75C1-42B5-AB50-F56D16974289}.Release|x64.Build.0 = Release|x64
		{5117E6F8-75C1-42B5-AB50-F56D16974289}.Release|x86.ActiveCfg = Release|Win32
		{5117E6F8-75C1-42B5-AB50-F56D16974289}.Release|x86.Build.0 = Release|Win32
		{F82C94CE-A44A-4995-97EA-8D8DF6077C64}.Debug|x64.ActiveCfg = Debug|x64
		{F82C94CE-A44A-4995-97EA-8D8DF6077C64}.Debug|x64.Build.0 = Debug|x64
		{F82C94CE-A44A-4995-97EA-8D8DF6077C64}.Debug|x86.ActiveCfg = Debug|Win32
		{F82C94CE-A44A-4995-97EA-8D8DF6077C64}.Debug|x86.Build.0 = Debug|Win32
		{F82C94CE-A44A-4995-97EA-8D8DF6077C64}.Release|x64.ActiveCfg = Release|x64
		{F82C94CE-A44A-4995-97EA-8D8DF6077C64}.Release|x64.Build.0 = Release|x64
		{F82C94CE-A44A-4995-97EA-8D8DF6077C64}.Release|x86.ActiveCfg = Release|Win32
		{F82C94CE-A44A-4995-97EA-8D8DF6077C64}.Release|x86.Build.0 = Release|Win32
		{C1C84280-0B9F-4BF9-A5EA-0276DF1390A9}.Debug|x64.ActiveCfg = Debug|x64
		{C1C84280-0B9F-4BF9-A5EA-0276DF1390A9}.Debug|x64.Build.0 = Debug|x64
		{C1C84280-0B9F-4BF9-A5EA-0276DF1390A9}.Debug|x86.ActiveCfg = Debug|Win32
		{C1C84280-0B9F-4BF9-A5EA-0276DF1390A9}.Debug|x86.Build.0 = Debug|Win32
		{C1C84280-0B9F-4BF9-A5EA-0276DF1390A9}.Release|x64.ActiveCfg = Release|x64
		{C1C84280-0B9F-4BF9-A5EA-0276DF1390A9}.Release|x64.Build.0 = Release|x64
		{C1C84280-0B9F-4BF9-A5EA-0276DF1390A9}.Release|x86.ActiveCfg = Release|Win32
		{C1C84280-0B9F-4BF9-A5EA-0276DF1390A9}.Release|x86.Build.0 = Release|Win32
		{01B168B0-CCC3-4104-A8B8-4F16C258D5D7}.Debug|x64.ActiveCfg = Debug|x64
		{01B168B0-CCC3-4104-A8B8-4F16C258D5D7}.Debug|x64.Build.0 = Debug|x64
		{01B168B0-CCC3-4104-A8B8-4F16C258D5D7}.Debug|x86.ActiveCfg = Debug|Win32
		{01B168B0-CCC3-4104-A8B8-4F16C258D5D7}.Debug|x86.Build.0 = Debug|Win32
		{01B168B0-CCC3-4104-A8B8-4F16C258D5D7}.Release|x64.ActiveCfg = Release|x64
		{01B168B0-CCC3-4104-A8B8-4F16C258D5D7}.Release|x64.Build.0 = Release|x64
		{01B168B0-CCC3-4104-A8B8-4F16C258D5D7}.Release|x86.ActiveCfg = Release|Win32
		{01B168B0-CCC3-4104-A8B8-4F16C258D5D7}.Release|x86.Build.0 = Release|Win32
	EndGlobalSection
	GlobalSection(SolutionProperties) = preSolution
		HideSolutionNode = FALSE
	EndGlobalSection
	GlobalSection(ExtensibilityGlobals) = postSolution
		SolutionGuid = {6839B879-5F94-46D2-BDE6-BEC3C301EFCF}
	EndGlobalSection
EndGlobal
