<?xml version="1.0" encoding="utf-8"?>
<Project ToolsVersion="4.0" xmlns="http://schemas.microsoft.com/developer/msbuild/2003">
  <ItemGroup>
    <Filter Include="Source Files">
      <UniqueIdentifier>{4FC737F1-C7A5-4376-A066-2A32D752A2FF}</UniqueIdentifier>
      <Extensions>cpp;c;cc;cxx;c++;cppm;ixx;def;odl;idl;hpj;bat;asm;asmx</Extensions>
    </Filter>
    <Filter Include="Header Files">
      <UniqueIdentifier>{93995380-89BD-4b04-88EB-625FBE52EBFB}</UniqueIdentifier>
      <Extensions>h;hh;hpp;hxx;h++;hm;inl;inc;ipp;xsd</Extensions>
    </Filter>
    <Filter Include="Resource Files">
      <UniqueIdentifier>{67DA6AB6-F800-4c08-8B7A-83BB121AAD01}</UniqueIdentifier>
      <Extensions>rc;ico;cur;bmp;dlg;rc2;rct;bin;rgs;gif;jpg;jpeg;jpe;resx;tiff;tif;png;wav;mfcribbon-ms</Extensions>
    </Filter>
    <Filter Include="1">
      <UniqueIdentifier>{0af04fe9-a712-4a93-af09-74adde9fbf22}</UniqueIdentifier>
    </Filter>
    <Filter Include="2">
      <UniqueIdentifier>{9ae7d921-3397-4b69-b63b-beb953cb57f1}</UniqueIdentifier>
    </Filter>
    <Filter Include="3">
      <UniqueIdentifier>{5ed6ab36-8f46-43e5-9fe9-91af11e75f78}</UniqueIdentifier>
    </Filter>
    <Filter Include="4">
      <UniqueIdentifier>{cb1c7ca6-091e-46d4-8304-4d58cc1497c6}</UniqueIdentifier>
    </Filter>
    <Filter Include="5">
      <UniqueIdentifier>{d28e8664-2088-4871-bf5f-da1005ccc903}</UniqueIdentifier>
    </Filter>
    <Filter Include="6">
      <UniqueIdentifier>{254a938e-1d05-4130-ba24-b0fd3e05b725}</UniqueIdentifier>
    </Filter>
    <Filter Include="7">
      <UniqueIdentifier>{dac807a7-0194-49b7-a689-e8e284df3da1}</UniqueIdentifier>
    </Filter>
    <Filter Include="8">
      <UniqueIdentifier>{c71fa891-e132-42e5-9d9f-b4cdf0e2a72a}</UniqueIdentifier>
    </Filter>
    <Filter Include="9">
      <UniqueIdentifier>{f39ab2b9-a487-4d0a-8bfe-cc0704077a80}</UniqueIdentifier>
    </Filter>
  </ItemGroup>
  <ItemGroup>
    <ClCompile Include="Assignment_Operator.cpp">
      <Filter>1</Filter>
    </ClCompile>
    <ClCompile Include="Arithmetic_Operators.cpp">
      <Filter>2</Filter>
    </ClCompile>
    <ClCompile Include="Relational_Operators.cpp">
      <Filter>3</Filter>
    </ClCompile>
    <ClCompile Include="Equality_Operators.cpp">
      <Filter>4</Filter>
    </ClCompile>
    <ClCompile Include="Increment_Decrement.cpp">
      <Filter>5</Filter>
    </ClCompile>
    <ClCompile Include="Logical_Operators.cpp">
      <Filter>6</Filter>
    </ClCompile>
    <ClCompile Include="Mixed_Type_Expressions.cpp">
      <Filter>7</Filter>
    </ClCompile>
    <ClCompile Include="Currency_Challenge.cpp">
      <Filter>8</Filter>
    </ClCompile>
    <ClCompile Include="Currency_Challenge_Solution.cpp">
      <Filter>9</Filter>
    </ClCompile>
  </ItemGroup>
</Project>