<?xml version="1.0" encoding="utf-8"?>
<Project ToolsVersion="4.0" xmlns="http://schemas.microsoft.com/developer/msbuild/2003">
  <ItemGroup>
    <Filter Include="Source Files">
      <UniqueIdentifier>{4FC737F1-C7A5-4376-A066-2A32D752A2FF}</UniqueIdentifier>
      <Extensions>cpp;c;cc;cxx;c++;cppm;ixx;def;odl;idl;hpj;bat;asm;asmx</Extensions>
    </Filter>
    <Filter Include="Header Files">
      <UniqueIdentifier>{93995380-89BD-4b04-88EB-625FBE52EBFB}</UniqueIdentifier>
      <Extensions>h;hh;hpp;hxx;h++;hm;inl;inc;ipp;xsd</Extensions>
    </Filter>
    <Filter Include="Resource Files">
      <UniqueIdentifier>{67DA6AB6-F800-4c08-8B7A-83BB121AAD01}</UniqueIdentifier>
      <Extensions>rc;ico;cur;bmp;dlg;rc2;rct;bin;rgs;gif;jpg;jpeg;jpe;resx;tiff;tif;png;wav;mfcribbon-ms</Extensions>
    </Filter>
    <Filter Include="1">
      <UniqueIdentifier>{76e02df7-7789-4582-b218-54dc0fe1811a}</UniqueIdentifier>
    </Filter>
    <Filter Include="2">
      <UniqueIdentifier>{b575fc18-1265-45aa-903f-5b091a74687e}</UniqueIdentifier>
    </Filter>
    <Filter Include="3">
      <UniqueIdentifier>{743b287f-93d9-4406-97b6-77bdbd8d75ca}</UniqueIdentifier>
    </Filter>
    <Filter Include="4">
      <UniqueIdentifier>{488c4934-ae4d-429b-9c9a-47bab75247b5}</UniqueIdentifier>
    </Filter>
    <Filter Include="5">
      <UniqueIdentifier>{d5641ebe-6878-4880-8363-5b17b33819ae}</UniqueIdentifier>
    </Filter>
    <Filter Include="6">
      <UniqueIdentifier>{fb287952-10d2-4482-9a36-351ba9bcf57e}</UniqueIdentifier>
    </Filter>
    <Filter Include="7">
      <UniqueIdentifier>{2773e02f-e346-4548-a5f2-f873b11efd3c}</UniqueIdentifier>
    </Filter>
  </ItemGroup>
  <ItemGroup>
    <ClCompile Include="Hello_Project_1.cpp">
      <Filter>1</Filter>
    </ClCompile>
    <ClCompile Include="Hello_Project_2.cpp">
      <Filter>2</Filter>
    </ClCompile>
    <ClCompile Include="Hello_World_Basic.cpp">
      <Filter>3</Filter>
    </ClCompile>
    <ClCompile Include="Basic_Input.cpp">
      <Filter>4</Filter>
    </ClCompile>
    <ClCompile Include="Input_Output_Usage.cpp">
      <Filter>5</Filter>
    </ClCompile>
    <ClCompile Include="Invalid_Operation.cpp">
      <Filter>6</Filter>
    </ClCompile>
    <ClCompile Include="Extern_Variable_Error.cpp">
      <Filter>7</Filter>
    </ClCompile>
    <ClCompile Include="Try_Coding.cpp">
      <Filter>Source Files</Filter>
    </ClCompile>
  </ItemGroup>
</Project>