<?xml version="1.0" encoding="utf-8"?>
<Project ToolsVersion="4.0" xmlns="http://schemas.microsoft.com/developer/msbuild/2003">
  <ItemGroup>
    <Filter Include="Source Files">
      <UniqueIdentifier>{4FC737F1-C7A5-4376-A066-2A32D752A2FF}</UniqueIdentifier>
      <Extensions>cpp;c;cc;cxx;c++;cppm;ixx;def;odl;idl;hpj;bat;asm;asmx</Extensions>
    </Filter>
    <Filter Include="Header Files">
      <UniqueIdentifier>{93995380-89BD-4b04-88EB-625FBE52EBFB}</UniqueIdentifier>
      <Extensions>h;hh;hpp;hxx;h++;hm;inl;inc;ipp;xsd</Extensions>
    </Filter>
    <Filter Include="Resource Files">
      <UniqueIdentifier>{67DA6AB6-F800-4c08-8B7A-83BB121AAD01}</UniqueIdentifier>
      <Extensions>rc;ico;cur;bmp;dlg;rc2;rct;bin;rgs;gif;jpg;jpeg;jpe;resx;tiff;tif;png;wav;mfcribbon-ms</Extensions>
    </Filter>
    <Filter Include="1">
      <UniqueIdentifier>{9b267524-984b-42df-bd03-f25cf5f820d8}</UniqueIdentifier>
    </Filter>
    <Filter Include="2">
      <UniqueIdentifier>{be53e250-b2fc-4409-b0bb-13a76f06d05d}</UniqueIdentifier>
    </Filter>
    <Filter Include="3">
      <UniqueIdentifier>{b408e62b-c49d-4533-b2bf-b9aa0e5d608d}</UniqueIdentifier>
    </Filter>
    <Filter Include="4">
      <UniqueIdentifier>{835e7c4a-91f0-47ba-b293-1289deee5514}</UniqueIdentifier>
    </Filter>
  </ItemGroup>
  <ItemGroup>
    <ClCompile Include="Arrays_Basics.cpp">
      <Filter>1</Filter>
    </ClCompile>
    <ClCompile Include="Vectors_Practice.cpp">
      <Filter>2</Filter>
    </ClCompile>
    <ClCompile Include="Vector_Challenge.cpp">
      <Filter>3</Filter>
    </ClCompile>
    <ClCompile Include="Vector_Challenge_Solution.cpp">
      <Filter>4</Filter>
    </ClCompile>
  </ItemGroup>
</Project>